
Microsoft Visual Studio Solution File, Format Version 12.00
# Visual Studio Version 17
VisualStudioVersion = 17.13.35919.96 d17.13
MinimumVisualStudioVersion = 10.0.40219.1
Project("{FAE04EC0-301F-11D3-BF4B-00C04F79EFBC}") = "GestionStock", "GestionStock\GestionStock.csproj", "{703DD10C-C347-4AAE-B621-A930AC7E2B26}"
EndProject
Global
	GlobalSection(SolutionConfigurationPlatforms) = preSolution
		Debug|Any CPU = Debug|Any CPU
		Release|Any CPU = Release|Any CPU
	EndGlobalSection
	GlobalSection(ProjectConfigurationPlatforms) = postSolution
		{703DD10C-C347-4AAE-B621-A930AC7E2B26}.Debug|Any CPU.ActiveCfg = Debug|Any CPU
		{703DD10C-C347-4AAE-B621-A930AC7E2B26}.Debug|Any CPU.Build.0 = Debug|Any CPU
		{703DD10C-C347-4AAE-B621-A930AC7E2B26}.Release|Any CPU.ActiveCfg = Release|Any CPU
		{703DD10C-C347-4AAE-B621-A930AC7E2B26}.Release|Any CPU.Build.0 = Release|Any CPU
	EndGlobalSection
	GlobalSection(SolutionProperties) = preSolution
		HideSolutionNode = FALSE
	EndGlobalSection
	GlobalSection(ExtensibilityGlobals) = postSolution
		SolutionGuid = {56B25834-4F12-451C-85D4-FE52EFA942AC}
	EndGlobalSection
EndGlobal
